// !$*UTF8*$!
{
	archiveVersion = 1;
	classes = {
	};
	objectVersion = 63;
	objects = {

/* Begin PBXBuildFile section */
		2C0E3AF12C88B66600FE9E13 /* VKAPIApp.swift in Sources */ = {isa = PBXBuildFile; fileRef = 2C0E3AF02C88B66600FE9E13 /* VKAPIApp.swift */; };
		2C0E3AF32C88B66600FE9E13 /* ContentView.swift in Sources */ = {isa = PBXBuildFile; fileRef = 2C0E3AF22C88B66600FE9E13 /* ContentView.swift */; };
		2C0E3AF52C88B66700FE9E13 /* Assets.xcassets in Resources */ = {isa = PBXBuildFile; fileRef = 2C0E3AF42C88B66700FE9E13 /* Assets.xcassets */; };
		2C0E3B052C88B69B00FE9E13 /* Preview Assets.xcassets in Resources */ = {isa = PBXBuildFile; fileRef = 2C0E3B032C88B69B00FE9E13 /* Preview Assets.xcassets */; };
		2C0E3B0D2C88BE4A00FE9E13 /* Consts.swift in Sources */ = {isa = PBXBuildFile; fileRef = 2C0E3B0C2C88BE4A00FE9E13 /* Consts.swift */; };
		2C0E3B122C88BEA000FE9E13 /* UserStorage.swift in Sources */ = {isa = PBXBuildFile; fileRef = 2C0E3B112C88BEA000FE9E13 /* UserStorage.swift */; };
		2C0E3B172C88BF8700FE9E13 /* AuthCredentials.swift in Sources */ = {isa = PBXBuildFile; fileRef = 2C0E3B162C88BF8700FE9E13 /* AuthCredentials.swift */; };
		2C0E3B1A2C88BFA800FE9E13 /* AuthURLBuilder.swift in Sources */ = {isa = PBXBuildFile; fileRef = 2C0E3B192C88BFA800FE9E13 /* AuthURLBuilder.swift */; };
		2C0E3B1D2C88C0C900FE9E13 /* AuthWebView.swift in Sources */ = {isa = PBXBuildFile; fileRef = 2C0E3B1C2C88C0C900FE9E13 /* AuthWebView.swift */; };
		2C11043E2C956709007054F6 /* ResponseModel.swift in Sources */ = {isa = PBXBuildFile; fileRef = 2C11043D2C956709007054F6 /* ResponseModel.swift */; };
		2C1104412C9567D5007054F6 /* Localizable.swift in Sources */ = {isa = PBXBuildFile; fileRef = 2C1104402C9567D5007054F6 /* Localizable.swift */; };
		2C1104432C956EB4007054F6 /* ServerUserCityModel.swift in Sources */ = {isa = PBXBuildFile; fileRef = 2C1104422C956EB4007054F6 /* ServerUserCityModel.swift */; };
		2C1104452C956EC1007054F6 /* ServerUserLastSeenModel.swift in Sources */ = {isa = PBXBuildFile; fileRef = 2C1104442C956EC1007054F6 /* ServerUserLastSeenModel.swift */; };
		2C1104472C956F16007054F6 /* Int.swift in Sources */ = {isa = PBXBuildFile; fileRef = 2C1104462C956F16007054F6 /* Int.swift */; };
		2C1104492C957922007054F6 /* DateFormatters.swift in Sources */ = {isa = PBXBuildFile; fileRef = 2C1104482C957922007054F6 /* DateFormatters.swift */; };
		2C11044B2C957C9A007054F6 /* String.swift in Sources */ = {isa = PBXBuildFile; fileRef = 2C11044A2C957C9A007054F6 /* String.swift */; };
		2C11044D2C957D0F007054F6 /* LastSeen.swift in Sources */ = {isa = PBXBuildFile; fileRef = 2C11044C2C957D0F007054F6 /* LastSeen.swift */; };
		2C1104502C957FBB007054F6 /* ProfileImageView.swift in Sources */ = {isa = PBXBuildFile; fileRef = 2C11044F2C957FBB007054F6 /* ProfileImageView.swift */; };
		2C1104522C9587A9007054F6 /* Color.swift in Sources */ = {isa = PBXBuildFile; fileRef = 2C1104512C9587A9007054F6 /* Color.swift */; };
		2C1104552C95C29F007054F6 /* CircleProgressView.swift in Sources */ = {isa = PBXBuildFile; fileRef = 2C1104542C95C29F007054F6 /* CircleProgressView.swift */; };
		2C1104582C95C8D9007054F6 /* ErrorView.swift in Sources */ = {isa = PBXBuildFile; fileRef = 2C1104572C95C8D9007054F6 /* ErrorView.swift */; };
		2C11045B2C95DBBA007054F6 /* Plarform.swift in Sources */ = {isa = PBXBuildFile; fileRef = 2C11045A2C95DBBA007054F6 /* Plarform.swift */; };
		2C11045D2C95DC3C007054F6 /* ErrorEntity.swift in Sources */ = {isa = PBXBuildFile; fileRef = 2C11045C2C95DC3C007054F6 /* ErrorEntity.swift */; };
		2C368A7B2C9A7F5D0099D52B /* View.swift in Sources */ = {isa = PBXBuildFile; fileRef = 2C368A7A2C9A7F5D0099D52B /* View.swift */; };
		2C368A7E2C9A7FAE0099D52B /* ProfileSectionView.swift in Sources */ = {isa = PBXBuildFile; fileRef = 2C368A7D2C9A7FAE0099D52B /* ProfileSectionView.swift */; };
		2C368A802C9A80290099D52B /* FriendsSectionView.swift in Sources */ = {isa = PBXBuildFile; fileRef = 2C368A7F2C9A80290099D52B /* FriendsSectionView.swift */; };
		2C368A822C9A82DE0099D52B /* PhotosSectionView.swift in Sources */ = {isa = PBXBuildFile; fileRef = 2C368A812C9A82DE0099D52B /* PhotosSectionView.swift */; };
		2C368A842C9A8AD70099D52B /* PhotoSize.swift in Sources */ = {isa = PBXBuildFile; fileRef = 2C368A832C9A8AD70099D52B /* PhotoSize.swift */; };
		2C45A9CD2C92B12E000FBA4A /* LoadableViewFeature.swift in Sources */ = {isa = PBXBuildFile; fileRef = 2C45A9CC2C92B12E000FBA4A /* LoadableViewFeature.swift */; };
		2C45A9CF2C92B35A000FBA4A /* LoadableView.swift in Sources */ = {isa = PBXBuildFile; fileRef = 2C45A9CE2C92B35A000FBA4A /* LoadableView.swift */; };
		2C6E1B212C9DA50900E72551 /* MyProfileView.swift in Sources */ = {isa = PBXBuildFile; fileRef = 2C6E1B202C9DA50900E72551 /* MyProfileView.swift */; };
		2C6E1B232C9DA51E00E72551 /* MyProfileFeature.swift in Sources */ = {isa = PBXBuildFile; fileRef = 2C6E1B222C9DA51E00E72551 /* MyProfileFeature.swift */; };
		2C7434E62C8FE7990043B3AB /* ComposableArchitecture in Frameworks */ = {isa = PBXBuildFile; productRef = 2C7434E52C8FE7990043B3AB /* ComposableArchitecture */; };
		2C7434E82C8FEB070043B3AB /* TabBarView.swift in Sources */ = {isa = PBXBuildFile; fileRef = 2C7434E72C8FEB070043B3AB /* TabBarView.swift */; };
		2C7434EB2C8FF2DE0043B3AB /* Typealiases.swift in Sources */ = {isa = PBXBuildFile; fileRef = 2C7434EA2C8FF2DE0043B3AB /* Typealiases.swift */; };
		2C7434EF2C8FF31D0043B3AB /* FirstAppearModifier.swift in Sources */ = {isa = PBXBuildFile; fileRef = 2C7434EE2C8FF31D0043B3AB /* FirstAppearModifier.swift */; };
		2CA387522C9C1ABC0016A75B /* PhotosFeature.swift in Sources */ = {isa = PBXBuildFile; fileRef = 2CA387512C9C1ABC0016A75B /* PhotosFeature.swift */; };
		2CA387542C9C1DCF0016A75B /* PhotosView.swift in Sources */ = {isa = PBXBuildFile; fileRef = 2CA387532C9C1DCF0016A75B /* PhotosView.swift */; };
		2CC99E052C99692E007FFFD0 /* ProfileEndpoint.swift in Sources */ = {isa = PBXBuildFile; fileRef = 2CC99E042C99692E007FFFD0 /* ProfileEndpoint.swift */; };
		2CC99E092C996DEF007FFFD0 /* ServerPhotoModel.swift in Sources */ = {isa = PBXBuildFile; fileRef = 2CC99E082C996DEF007FFFD0 /* ServerPhotoModel.swift */; };
		2CC99E0B2C996E8A007FFFD0 /* Photo.swift in Sources */ = {isa = PBXBuildFile; fileRef = 2CC99E0A2C996E8A007FFFD0 /* Photo.swift */; };
		2CC99E0D2C99729D007FFFD0 /* ProfileAPIClient.swift in Sources */ = {isa = PBXBuildFile; fileRef = 2CC99E0C2C99729D007FFFD0 /* ProfileAPIClient.swift */; };
		2CC99E102C997CC0007FFFD0 /* ProfileFeature.swift in Sources */ = {isa = PBXBuildFile; fileRef = 2CC99E0F2C997CC0007FFFD0 /* ProfileFeature.swift */; };
		2CC99E122C998AA2007FFFD0 /* ProfileView.swift in Sources */ = {isa = PBXBuildFile; fileRef = 2CC99E112C998AA2007FFFD0 /* ProfileView.swift */; };
		2CE24AD92C918FE2001ED9FA /* ServerResponseModel.swift in Sources */ = {isa = PBXBuildFile; fileRef = 2CE24AD82C918FE2001ED9FA /* ServerResponseModel.swift */; };
		2CE24ADD2C9193AB001ED9FA /* ServerUserModel.swift in Sources */ = {isa = PBXBuildFile; fileRef = 2CE24ADC2C9193AB001ED9FA /* ServerUserModel.swift */; };
		2CE24AE12C91955F001ED9FA /* User.swift in Sources */ = {isa = PBXBuildFile; fileRef = 2CE24AE02C91955F001ED9FA /* User.swift */; };
		2CE24AE32C919587001ED9FA /* Gender.swift in Sources */ = {isa = PBXBuildFile; fileRef = 2CE24AE22C919587001ED9FA /* Gender.swift */; };
		2CE24AE62C919639001ED9FA /* Optional.swift in Sources */ = {isa = PBXBuildFile; fileRef = 2CE24AE52C919639001ED9FA /* Optional.swift */; };
		2CE24AE92C919B7B001ED9FA /* AsyncNetwork in Frameworks */ = {isa = PBXBuildFile; productRef = 2CE24AE82C919B7B001ED9FA /* AsyncNetwork */; };
		2CE24AEC2C919B95001ED9FA /* NetworkClient.swift in Sources */ = {isa = PBXBuildFile; fileRef = 2CE24AEB2C919B95001ED9FA /* NetworkClient.swift */; };
		2CE24AEF2C919ECF001ED9FA /* FriendsEndpoint.swift in Sources */ = {isa = PBXBuildFile; fileRef = 2CE24AEE2C919ECF001ED9FA /* FriendsEndpoint.swift */; };
		2CE24AF12C91A2C7001ED9FA /* FriendsAPIClient.swift in Sources */ = {isa = PBXBuildFile; fileRef = 2CE24AF02C91A2C7001ED9FA /* FriendsAPIClient.swift */; };
		2CE24AF42C91A4A2001ED9FA /* FriendsListFeature.swift in Sources */ = {isa = PBXBuildFile; fileRef = 2CE24AF32C91A4A2001ED9FA /* FriendsListFeature.swift */; };
		2CE24AF62C91ACF4001ED9FA /* FriendsListView.swift in Sources */ = {isa = PBXBuildFile; fileRef = 2CE24AF52C91ACF4001ED9FA /* FriendsListView.swift */; };
		2CE24AF82C91E04F001ED9FA /* FriendsListItemView.swift in Sources */ = {isa = PBXBuildFile; fileRef = 2CE24AF72C91E04F001ED9FA /* FriendsListItemView.swift */; };
		2CF7E2CA2C8FE7150027F40E /* TabBarFeature.swift in Sources */ = {isa = PBXBuildFile; fileRef = 2CF7E2C92C8FE7150027F40E /* TabBarFeature.swift */; };
/* End PBXBuildFile section */

/* Begin PBXFileReference section */
		2C0E3AED2C88B66600FE9E13 /* VKAPIApp.app */ = {isa = PBXFileReference; explicitFileType = wrapper.application; includeInIndex = 0; path = VKAPIApp.app; sourceTree = BUILT_PRODUCTS_DIR; };
		2C0E3AF02C88B66600FE9E13 /* VKAPIApp.swift */ = {isa = PBXFileReference; lastKnownFileType = sourcecode.swift; path = VKAPIApp.swift; sourceTree = "<group>"; };
		2C0E3AF22C88B66600FE9E13 /* ContentView.swift */ = {isa = PBXFileReference; lastKnownFileType = sourcecode.swift; path = ContentView.swift; sourceTree = "<group>"; };
		2C0E3AF42C88B66700FE9E13 /* Assets.xcassets */ = {isa = PBXFileReference; lastKnownFileType = folder.assetcatalog; path = Assets.xcassets; sourceTree = "<group>"; };
		2C0E3B032C88B69B00FE9E13 /* Preview Assets.xcassets */ = {isa = PBXFileReference; lastKnownFileType = folder.assetcatalog; path = "Preview Assets.xcassets"; sourceTree = "<group>"; };
		2C0E3B0C2C88BE4A00FE9E13 /* Consts.swift */ = {isa = PBXFileReference; lastKnownFileType = sourcecode.swift; path = Consts.swift; sourceTree = "<group>"; };
		2C0E3B112C88BEA000FE9E13 /* UserStorage.swift */ = {isa = PBXFileReference; lastKnownFileType = sourcecode.swift; path = UserStorage.swift; sourceTree = "<group>"; };
		2C0E3B162C88BF8700FE9E13 /* AuthCredentials.swift */ = {isa = PBXFileReference; lastKnownFileType = sourcecode.swift; path = AuthCredentials.swift; sourceTree = "<group>"; };
		2C0E3B192C88BFA800FE9E13 /* AuthURLBuilder.swift */ = {isa = PBXFileReference; lastKnownFileType = sourcecode.swift; path = AuthURLBuilder.swift; sourceTree = "<group>"; };
		2C0E3B1C2C88C0C900FE9E13 /* AuthWebView.swift */ = {isa = PBXFileReference; lastKnownFileType = sourcecode.swift; path = AuthWebView.swift; sourceTree = "<group>"; };
		2C11043D2C956709007054F6 /* ResponseModel.swift */ = {isa = PBXFileReference; lastKnownFileType = sourcecode.swift; path = ResponseModel.swift; sourceTree = "<group>"; };
		2C1104402C9567D5007054F6 /* Localizable.swift */ = {isa = PBXFileReference; lastKnownFileType = sourcecode.swift; path = Localizable.swift; sourceTree = "<group>"; };
		2C1104422C956EB4007054F6 /* ServerUserCityModel.swift */ = {isa = PBXFileReference; lastKnownFileType = sourcecode.swift; path = ServerUserCityModel.swift; sourceTree = "<group>"; };
		2C1104442C956EC1007054F6 /* ServerUserLastSeenModel.swift */ = {isa = PBXFileReference; lastKnownFileType = sourcecode.swift; path = ServerUserLastSeenModel.swift; sourceTree = "<group>"; };
		2C1104462C956F16007054F6 /* Int.swift */ = {isa = PBXFileReference; lastKnownFileType = sourcecode.swift; path = Int.swift; sourceTree = "<group>"; };
		2C1104482C957922007054F6 /* DateFormatters.swift */ = {isa = PBXFileReference; lastKnownFileType = sourcecode.swift; path = DateFormatters.swift; sourceTree = "<group>"; };
		2C11044A2C957C9A007054F6 /* String.swift */ = {isa = PBXFileReference; lastKnownFileType = sourcecode.swift; path = String.swift; sourceTree = "<group>"; };
		2C11044C2C957D0F007054F6 /* LastSeen.swift */ = {isa = PBXFileReference; lastKnownFileType = sourcecode.swift; path = LastSeen.swift; sourceTree = "<group>"; };
		2C11044F2C957FBB007054F6 /* ProfileImageView.swift */ = {isa = PBXFileReference; lastKnownFileType = sourcecode.swift; path = ProfileImageView.swift; sourceTree = "<group>"; };
		2C1104512C9587A9007054F6 /* Color.swift */ = {isa = PBXFileReference; lastKnownFileType = sourcecode.swift; path = Color.swift; sourceTree = "<group>"; };
		2C1104542C95C29F007054F6 /* CircleProgressView.swift */ = {isa = PBXFileReference; lastKnownFileType = sourcecode.swift; path = CircleProgressView.swift; sourceTree = "<group>"; };
		2C1104572C95C8D9007054F6 /* ErrorView.swift */ = {isa = PBXFileReference; lastKnownFileType = sourcecode.swift; path = ErrorView.swift; sourceTree = "<group>"; };
		2C11045A2C95DBBA007054F6 /* Plarform.swift */ = {isa = PBXFileReference; lastKnownFileType = sourcecode.swift; path = Plarform.swift; sourceTree = "<group>"; };
		2C11045C2C95DC3C007054F6 /* ErrorEntity.swift */ = {isa = PBXFileReference; lastKnownFileType = sourcecode.swift; path = ErrorEntity.swift; sourceTree = "<group>"; };
		2C368A7A2C9A7F5D0099D52B /* View.swift */ = {isa = PBXFileReference; lastKnownFileType = sourcecode.swift; path = View.swift; sourceTree = "<group>"; };
		2C368A7D2C9A7FAE0099D52B /* ProfileSectionView.swift */ = {isa = PBXFileReference; lastKnownFileType = sourcecode.swift; path = ProfileSectionView.swift; sourceTree = "<group>"; };
		2C368A7F2C9A80290099D52B /* FriendsSectionView.swift */ = {isa = PBXFileReference; lastKnownFileType = sourcecode.swift; path = FriendsSectionView.swift; sourceTree = "<group>"; };
		2C368A812C9A82DE0099D52B /* PhotosSectionView.swift */ = {isa = PBXFileReference; lastKnownFileType = sourcecode.swift; path = PhotosSectionView.swift; sourceTree = "<group>"; };
		2C368A832C9A8AD70099D52B /* PhotoSize.swift */ = {isa = PBXFileReference; lastKnownFileType = sourcecode.swift; path = PhotoSize.swift; sourceTree = "<group>"; };
		2C45A9CC2C92B12E000FBA4A /* LoadableViewFeature.swift */ = {isa = PBXFileReference; lastKnownFileType = sourcecode.swift; path = LoadableViewFeature.swift; sourceTree = "<group>"; };
		2C45A9CE2C92B35A000FBA4A /* LoadableView.swift */ = {isa = PBXFileReference; lastKnownFileType = sourcecode.swift; path = LoadableView.swift; sourceTree = "<group>"; };
		2C6E1B202C9DA50900E72551 /* MyProfileView.swift */ = {isa = PBXFileReference; lastKnownFileType = sourcecode.swift; path = MyProfileView.swift; sourceTree = "<group>"; };
		2C6E1B222C9DA51E00E72551 /* MyProfileFeature.swift */ = {isa = PBXFileReference; lastKnownFileType = sourcecode.swift; path = MyProfileFeature.swift; sourceTree = "<group>"; };
		2C7434E72C8FEB070043B3AB /* TabBarView.swift */ = {isa = PBXFileReference; lastKnownFileType = sourcecode.swift; path = TabBarView.swift; sourceTree = "<group>"; };
		2C7434EA2C8FF2DE0043B3AB /* Typealiases.swift */ = {isa = PBXFileReference; lastKnownFileType = sourcecode.swift; path = Typealiases.swift; sourceTree = "<group>"; };
		2C7434EE2C8FF31D0043B3AB /* FirstAppearModifier.swift */ = {isa = PBXFileReference; lastKnownFileType = sourcecode.swift; path = FirstAppearModifier.swift; sourceTree = "<group>"; };
		2CA387512C9C1ABC0016A75B /* PhotosFeature.swift */ = {isa = PBXFileReference; lastKnownFileType = sourcecode.swift; path = PhotosFeature.swift; sourceTree = "<group>"; };
		2CA387532C9C1DCF0016A75B /* PhotosView.swift */ = {isa = PBXFileReference; lastKnownFileType = sourcecode.swift; path = PhotosView.swift; sourceTree = "<group>"; };
		2CC99E042C99692E007FFFD0 /* ProfileEndpoint.swift */ = {isa = PBXFileReference; lastKnownFileType = sourcecode.swift; path = ProfileEndpoint.swift; sourceTree = "<group>"; };
		2CC99E082C996DEF007FFFD0 /* ServerPhotoModel.swift */ = {isa = PBXFileReference; lastKnownFileType = sourcecode.swift; path = ServerPhotoModel.swift; sourceTree = "<group>"; };
		2CC99E0A2C996E8A007FFFD0 /* Photo.swift */ = {isa = PBXFileReference; lastKnownFileType = sourcecode.swift; path = Photo.swift; sourceTree = "<group>"; };
		2CC99E0C2C99729D007FFFD0 /* ProfileAPIClient.swift */ = {isa = PBXFileReference; lastKnownFileType = sourcecode.swift; path = ProfileAPIClient.swift; sourceTree = "<group>"; };
		2CC99E0F2C997CC0007FFFD0 /* ProfileFeature.swift */ = {isa = PBXFileReference; lastKnownFileType = sourcecode.swift; path = ProfileFeature.swift; sourceTree = "<group>"; };
		2CC99E112C998AA2007FFFD0 /* ProfileView.swift */ = {isa = PBXFileReference; lastKnownFileType = sourcecode.swift; path = ProfileView.swift; sourceTree = "<group>"; };
		2CE24AD82C918FE2001ED9FA /* ServerResponseModel.swift */ = {isa = PBXFileReference; lastKnownFileType = sourcecode.swift; path = ServerResponseModel.swift; sourceTree = "<group>"; };
		2CE24ADC2C9193AB001ED9FA /* ServerUserModel.swift */ = {isa = PBXFileReference; lastKnownFileType = sourcecode.swift; path = ServerUserModel.swift; sourceTree = "<group>"; };
		2CE24AE02C91955F001ED9FA /* User.swift */ = {isa = PBXFileReference; lastKnownFileType = sourcecode.swift; path = User.swift; sourceTree = "<group>"; };
		2CE24AE22C919587001ED9FA /* Gender.swift */ = {isa = PBXFileReference; lastKnownFileType = sourcecode.swift; path = Gender.swift; sourceTree = "<group>"; };
		2CE24AE52C919639001ED9FA /* Optional.swift */ = {isa = PBXFileReference; lastKnownFileType = sourcecode.swift; path = Optional.swift; sourceTree = "<group>"; };
		2CE24AEB2C919B95001ED9FA /* NetworkClient.swift */ = {isa = PBXFileReference; lastKnownFileType = sourcecode.swift; path = NetworkClient.swift; sourceTree = "<group>"; };
		2CE24AEE2C919ECF001ED9FA /* FriendsEndpoint.swift */ = {isa = PBXFileReference; lastKnownFileType = sourcecode.swift; path = FriendsEndpoint.swift; sourceTree = "<group>"; };
		2CE24AF02C91A2C7001ED9FA /* FriendsAPIClient.swift */ = {isa = PBXFileReference; lastKnownFileType = sourcecode.swift; path = FriendsAPIClient.swift; sourceTree = "<group>"; };
		2CE24AF32C91A4A2001ED9FA /* FriendsListFeature.swift */ = {isa = PBXFileReference; lastKnownFileType = sourcecode.swift; path = FriendsListFeature.swift; sourceTree = "<group>"; };
		2CE24AF52C91ACF4001ED9FA /* FriendsListView.swift */ = {isa = PBXFileReference; lastKnownFileType = sourcecode.swift; path = FriendsListView.swift; sourceTree = "<group>"; };
		2CE24AF72C91E04F001ED9FA /* FriendsListItemView.swift */ = {isa = PBXFileReference; lastKnownFileType = sourcecode.swift; path = FriendsListItemView.swift; sourceTree = "<group>"; };
		2CF7E2C92C8FE7150027F40E /* TabBarFeature.swift */ = {isa = PBXFileReference; lastKnownFileType = sourcecode.swift; path = TabBarFeature.swift; sourceTree = "<group>"; };
/* End PBXFileReference section */

/* Begin PBXFrameworksBuildPhase section */
		2C0E3AEA2C88B66600FE9E13 /* Frameworks */ = {
			isa = PBXFrameworksBuildPhase;
			buildActionMask = 2147483647;
			files = (
				2CE24AE92C919B7B001ED9FA /* AsyncNetwork in Frameworks */,
				2C7434E62C8FE7990043B3AB /* ComposableArchitecture in Frameworks */,
			);
			runOnlyForDeploymentPostprocessing = 0;
		};
/* End PBXFrameworksBuildPhase section */

/* Begin PBXGroup section */
		2C0E3AE42C88B66600FE9E13 = {
			isa = PBXGroup;
			children = (
				2C0E3AFE2C88B67E00FE9E13 /* VKAPIApp */,
				2CF7E2CB2C8FE73A0027F40E /* Frameworks */,
				2C0E3AEE2C88B66600FE9E13 /* Products */,
			);
			sourceTree = "<group>";
		};
		2C0E3AEE2C88B66600FE9E13 /* Products */ = {
			isa = PBXGroup;
			children = (
				2C0E3AED2C88B66600FE9E13 /* VKAPIApp.app */,
			);
			name = Products;
			sourceTree = "<group>";
		};
		2C0E3AFE2C88B67E00FE9E13 /* VKAPIApp */ = {
			isa = PBXGroup;
			children = (
				2C45A9C92C92B10F000FBA4A /* UI */,
				2CE24AD62C918F68001ED9FA /* Models */,
				2C0E3B072C88B6AE00FE9E13 /* App */,
				2C0E3B062C88B6A600FE9E13 /* Resources */,
				2C0E3B0E2C88BE8800FE9E13 /* Services */,
				2C0E3B092C88BE3500FE9E13 /* Helpers */,
				2C0E3B132C88BF4C00FE9E13 /* Features */,
				2C0E3B022C88B69600FE9E13 /* Preview Content */,
			);
			path = VKAPIApp;
			sourceTree = "<group>";
		};
		2C0E3B022C88B69600FE9E13 /* Preview Content */ = {
			isa = PBXGroup;
			children = (
				2C0E3B032C88B69B00FE9E13 /* Preview Assets.xcassets */,
			);
			path = "Preview Content";
			sourceTree = "<group>";
		};
		2C0E3B062C88B6A600FE9E13 /* Resources */ = {
			isa = PBXGroup;
			children = (
				2C0E3AF42C88B66700FE9E13 /* Assets.xcassets */,
				2C1104512C9587A9007054F6 /* Color.swift */,
			);
			path = Resources;
			sourceTree = "<group>";
		};
		2C0E3B072C88B6AE00FE9E13 /* App */ = {
			isa = PBXGroup;
			children = (
				2C0E3AF02C88B66600FE9E13 /* VKAPIApp.swift */,
				2C0E3AF22C88B66600FE9E13 /* ContentView.swift */,
			);
			path = App;
			sourceTree = "<group>";
		};
		2C0E3B092C88BE3500FE9E13 /* Helpers */ = {
			isa = PBXGroup;
			children = (
				2C1104592C95DB94007054F6 /* Types */,
				2C11043F2C9567A7007054F6 /* Protocols */,
				2CE24AE42C919630001ED9FA /* Extensions */,
				2C7434E92C8FF2CA0043B3AB /* ViewModifiers */,
				2C0E3B0C2C88BE4A00FE9E13 /* Consts.swift */,
				2C7434EA2C8FF2DE0043B3AB /* Typealiases.swift */,
				2C1104482C957922007054F6 /* DateFormatters.swift */,
			);
			path = Helpers;
			sourceTree = "<group>";
		};
		2C0E3B0E2C88BE8800FE9E13 /* Services */ = {
			isa = PBXGroup;
			children = (
				2CE24AEA2C919B88001ED9FA /* API */,
				2C0E3B102C88BE9700FE9E13 /* Storages */,
			);
			path = Services;
			sourceTree = "<group>";
		};
		2C0E3B102C88BE9700FE9E13 /* Storages */ = {
			isa = PBXGroup;
			children = (
				2C0E3B112C88BEA000FE9E13 /* UserStorage.swift */,
			);
			path = Storages;
			sourceTree = "<group>";
		};
		2C0E3B132C88BF4C00FE9E13 /* Features */ = {
			isa = PBXGroup;
			children = (
				2C0E3B142C88BF6000FE9E13 /* PublicZone */,
				2CF7E2C72C8FE6E30027F40E /* PrivateZone */,
			);
			path = Features;
			sourceTree = "<group>";
		};
		2C0E3B142C88BF6000FE9E13 /* PublicZone */ = {
			isa = PBXGroup;
			children = (
				2C0E3B152C88BF6800FE9E13 /* Data */,
				2C0E3B182C88BF9500FE9E13 /* Support */,
				2C0E3B1B2C88C0B900FE9E13 /* Auth */,
			);
			path = PublicZone;
			sourceTree = "<group>";
		};
		2C0E3B152C88BF6800FE9E13 /* Data */ = {
			isa = PBXGroup;
			children = (
				2C0E3B162C88BF8700FE9E13 /* AuthCredentials.swift */,
			);
			path = Data;
			sourceTree = "<group>";
		};
		2C0E3B182C88BF9500FE9E13 /* Support */ = {
			isa = PBXGroup;
			children = (
				2C0E3B192C88BFA800FE9E13 /* AuthURLBuilder.swift */,
			);
			path = Support;
			sourceTree = "<group>";
		};
		2C0E3B1B2C88C0B900FE9E13 /* Auth */ = {
			isa = PBXGroup;
			children = (
				2C0E3B1C2C88C0C900FE9E13 /* AuthWebView.swift */,
			);
			path = Auth;
			sourceTree = "<group>";
		};
		2C11043C2C9566F9007054F6 /* Support */ = {
			isa = PBXGroup;
			children = (
				2C11043D2C956709007054F6 /* ResponseModel.swift */,
			);
			path = Support;
			sourceTree = "<group>";
		};
		2C11043F2C9567A7007054F6 /* Protocols */ = {
			isa = PBXGroup;
			children = (
				2C1104402C9567D5007054F6 /* Localizable.swift */,
			);
			path = Protocols;
			sourceTree = "<group>";
		};
		2C11044E2C957F9D007054F6 /* ProfileImageView */ = {
			isa = PBXGroup;
			children = (
				2C11044F2C957FBB007054F6 /* ProfileImageView.swift */,
			);
			path = ProfileImageView;
			sourceTree = "<group>";
		};
		2C1104532C95C263007054F6 /* CircleProgressView */ = {
			isa = PBXGroup;
			children = (
				2C1104542C95C29F007054F6 /* CircleProgressView.swift */,
			);
			path = CircleProgressView;
			sourceTree = "<group>";
		};
		2C1104562C95C8C5007054F6 /* ErrorView */ = {
			isa = PBXGroup;
			children = (
				2C1104572C95C8D9007054F6 /* ErrorView.swift */,
			);
			path = ErrorView;
			sourceTree = "<group>";
		};
		2C1104592C95DB94007054F6 /* Types */ = {
			isa = PBXGroup;
			children = (
				2CE24AE22C919587001ED9FA /* Gender.swift */,
				2C11045A2C95DBBA007054F6 /* Plarform.swift */,
				2C11045C2C95DC3C007054F6 /* ErrorEntity.swift */,
			);
			path = Types;
			sourceTree = "<group>";
		};
		2C368A7C2C9A7F9D0099D52B /* UI */ = {
			isa = PBXGroup;
			children = (
				2C368A7D2C9A7FAE0099D52B /* ProfileSectionView.swift */,
				2C368A7F2C9A80290099D52B /* FriendsSectionView.swift */,
				2C368A812C9A82DE0099D52B /* PhotosSectionView.swift */,
			);
			path = UI;
			sourceTree = "<group>";
		};
		2C368A852C9AA28C0099D52B /* UI */ = {
			isa = PBXGroup;
			children = (
				2CE24AF72C91E04F001ED9FA /* FriendsListItemView.swift */,
			);
			path = UI;
			sourceTree = "<group>";
		};
		2C45A9C92C92B10F000FBA4A /* UI */ = {
			isa = PBXGroup;
			children = (
				2C45A9CA2C92B115000FBA4A /* Componets */,
			);
			path = UI;
			sourceTree = "<group>";
		};
		2C45A9CA2C92B115000FBA4A /* Componets */ = {
			isa = PBXGroup;
			children = (
				2C1104562C95C8C5007054F6 /* ErrorView */,
				2C1104532C95C263007054F6 /* CircleProgressView */,
				2C11044E2C957F9D007054F6 /* ProfileImageView */,
				2C45A9CB2C92B11B000FBA4A /* LoadableView */,
			);
			path = Componets;
			sourceTree = "<group>";
		};
		2C45A9CB2C92B11B000FBA4A /* LoadableView */ = {
			isa = PBXGroup;
			children = (
				2C45A9CC2C92B12E000FBA4A /* LoadableViewFeature.swift */,
				2C45A9CE2C92B35A000FBA4A /* LoadableView.swift */,
			);
			path = LoadableView;
			sourceTree = "<group>";
		};
		2C6E1B1F2C9DA4FC00E72551 /* MyProfile */ = {
			isa = PBXGroup;
			children = (
				2C6E1B202C9DA50900E72551 /* MyProfileView.swift */,
				2C6E1B222C9DA51E00E72551 /* MyProfileFeature.swift */,
			);
			path = MyProfile;
			sourceTree = "<group>";
		};
		2C7434E92C8FF2CA0043B3AB /* ViewModifiers */ = {
			isa = PBXGroup;
			children = (
				2C7434EE2C8FF31D0043B3AB /* FirstAppearModifier.swift */,
			);
			path = ViewModifiers;
			sourceTree = "<group>";
		};
		2CA387502C9C1AAE0016A75B /* Photos */ = {
			isa = PBXGroup;
			children = (
				2CA387512C9C1ABC0016A75B /* PhotosFeature.swift */,
				2CA387532C9C1DCF0016A75B /* PhotosView.swift */,
			);
			path = Photos;
			sourceTree = "<group>";
		};
		2CC99E032C996917007FFFD0 /* Profile */ = {
			isa = PBXGroup;
			children = (
				2CC99E042C99692E007FFFD0 /* ProfileEndpoint.swift */,
				2CC99E0C2C99729D007FFFD0 /* ProfileAPIClient.swift */,
			);
			path = Profile;
			sourceTree = "<group>";
		};
		2CC99E062C996DBC007FFFD0 /* Photo */ = {
			isa = PBXGroup;
			children = (
				2CC99E0A2C996E8A007FFFD0 /* Photo.swift */,
				2C368A832C9A8AD70099D52B /* PhotoSize.swift */,
			);
			path = Photo;
			sourceTree = "<group>";
		};
		2CC99E072C996DDB007FFFD0 /* Photo */ = {
			isa = PBXGroup;
			children = (
				2CC99E082C996DEF007FFFD0 /* ServerPhotoModel.swift */,
			);
			path = Photo;
			sourceTree = "<group>";
		};
		2CC99E0E2C997CB4007FFFD0 /* Profile */ = {
			isa = PBXGroup;
			children = (
				2C368A7C2C9A7F9D0099D52B /* UI */,
				2CC99E0F2C997CC0007FFFD0 /* ProfileFeature.swift */,
				2CC99E112C998AA2007FFFD0 /* ProfileView.swift */,
			);
			path = Profile;
			sourceTree = "<group>";
		};
		2CE24AD62C918F68001ED9FA /* Models */ = {
			isa = PBXGroup;
			children = (
				2CE24ADE2C919551001ED9FA /* Local */,
				2CE24AD72C918FD4001ED9FA /* Server */,
			);
			path = Models;
			sourceTree = "<group>";
		};
		2CE24AD72C918FD4001ED9FA /* Server */ = {
			isa = PBXGroup;
			children = (
				2CE24ADA2C919060001ED9FA /* Support */,
				2CE24ADB2C919399001ED9FA /* User */,
				2CC99E072C996DDB007FFFD0 /* Photo */,
			);
			path = Server;
			sourceTree = "<group>";
		};
		2CE24ADA2C919060001ED9FA /* Support */ = {
			isa = PBXGroup;
			children = (
				2CE24AD82C918FE2001ED9FA /* ServerResponseModel.swift */,
			);
			path = Support;
			sourceTree = "<group>";
		};
		2CE24ADB2C919399001ED9FA /* User */ = {
			isa = PBXGroup;
			children = (
				2CE24ADC2C9193AB001ED9FA /* ServerUserModel.swift */,
				2C1104422C956EB4007054F6 /* ServerUserCityModel.swift */,
				2C1104442C956EC1007054F6 /* ServerUserLastSeenModel.swift */,
			);
			path = User;
			sourceTree = "<group>";
		};
		2CE24ADE2C919551001ED9FA /* Local */ = {
			isa = PBXGroup;
			children = (
				2C11043C2C9566F9007054F6 /* Support */,
				2CE24ADF2C919556001ED9FA /* User */,
				2CC99E062C996DBC007FFFD0 /* Photo */,
			);
			path = Local;
			sourceTree = "<group>";
		};
		2CE24ADF2C919556001ED9FA /* User */ = {
			isa = PBXGroup;
			children = (
				2C11044C2C957D0F007054F6 /* LastSeen.swift */,
				2CE24AE02C91955F001ED9FA /* User.swift */,
			);
			path = User;
			sourceTree = "<group>";
		};
		2CE24AE42C919630001ED9FA /* Extensions */ = {
			isa = PBXGroup;
			children = (
				2CE24AE52C919639001ED9FA /* Optional.swift */,
				2C1104462C956F16007054F6 /* Int.swift */,
				2C11044A2C957C9A007054F6 /* String.swift */,
				2C368A7A2C9A7F5D0099D52B /* View.swift */,
			);
			path = Extensions;
			sourceTree = "<group>";
		};
		2CE24AEA2C919B88001ED9FA /* API */ = {
			isa = PBXGroup;
			children = (
				2CC99E032C996917007FFFD0 /* Profile */,
				2CE24AED2C919EA8001ED9FA /* Clients */,
				2CE24AEB2C919B95001ED9FA /* NetworkClient.swift */,
			);
			path = API;
			sourceTree = "<group>";
		};
		2CE24AED2C919EA8001ED9FA /* Clients */ = {
			isa = PBXGroup;
			children = (
				2CE24AEE2C919ECF001ED9FA /* FriendsEndpoint.swift */,
				2CE24AF02C91A2C7001ED9FA /* FriendsAPIClient.swift */,
			);
			path = Clients;
			sourceTree = "<group>";
		};
		2CE24AF22C91A47F001ED9FA /* Friends */ = {
			isa = PBXGroup;
			children = (
				2C368A852C9AA28C0099D52B /* UI */,
				2CE24AF32C91A4A2001ED9FA /* FriendsListFeature.swift */,
				2CE24AF52C91ACF4001ED9FA /* FriendsListView.swift */,
			);
			path = Friends;
			sourceTree = "<group>";
		};
		2CF7E2C72C8FE6E30027F40E /* PrivateZone */ = {
			isa = PBXGroup;
			children = (
				2C6E1B1F2C9DA4FC00E72551 /* MyProfile */,
				2CA387502C9C1AAE0016A75B /* Photos */,
				2CC99E0E2C997CB4007FFFD0 /* Profile */,
				2CE24AF22C91A47F001ED9FA /* Friends */,
				2CF7E2C82C8FE6F80027F40E /* TabBar */,
			);
			path = PrivateZone;
			sourceTree = "<group>";
		};
		2CF7E2C82C8FE6F80027F40E /* TabBar */ = {
			isa = PBXGroup;
			children = (
				2CF7E2C92C8FE7150027F40E /* TabBarFeature.swift */,
				2C7434E72C8FEB070043B3AB /* TabBarView.swift */,
			);
			path = TabBar;
			sourceTree = "<group>";
		};
		2CF7E2CB2C8FE73A0027F40E /* Frameworks */ = {
			isa = PBXGroup;
			children = (
			);
			name = Frameworks;
			sourceTree = "<group>";
		};
/* End PBXGroup section */

/* Begin PBXNativeTarget section */
		2C0E3AEC2C88B66600FE9E13 /* VKAPIApp */ = {
			isa = PBXNativeTarget;
			buildConfigurationList = 2C0E3AFB2C88B66700FE9E13 /* Build configuration list for PBXNativeTarget "VKAPIApp" */;
			buildPhases = (
				2C0E3AE92C88B66600FE9E13 /* Sources */,
				2C0E3AEA2C88B66600FE9E13 /* Frameworks */,
				2C0E3AEB2C88B66600FE9E13 /* Resources */,
			);
			buildRules = (
			);
			dependencies = (
			);
			name = VKAPIApp;
			packageProductDependencies = (
				2C7434E52C8FE7990043B3AB /* ComposableArchitecture */,
				2CE24AE82C919B7B001ED9FA /* AsyncNetwork */,
			);
			productName = VKAPIApp;
			productReference = 2C0E3AED2C88B66600FE9E13 /* VKAPIApp.app */;
			productType = "com.apple.product-type.application";
		};
/* End PBXNativeTarget section */

/* Begin PBXProject section */
		2C0E3AE52C88B66600FE9E13 /* Project object */ = {
			isa = PBXProject;
			attributes = {
				BuildIndependentTargetsInParallel = 1;
				LastSwiftUpdateCheck = 1600;
				LastUpgradeCheck = 1600;
				TargetAttributes = {
					2C0E3AEC2C88B66600FE9E13 = {
						CreatedOnToolsVersion = 16.0;
					};
				};
			};
			buildConfigurationList = 2C0E3AE82C88B66600FE9E13 /* Build configuration list for PBXProject "VKAPIApp" */;
			compatibilityVersion = "Xcode 14.0";
			developmentRegion = en;
			hasScannedForEncodings = 0;
			knownRegions = (
				en,
				Base,
			);
			mainGroup = 2C0E3AE42C88B66600FE9E13;
			minimizedProjectReferenceProxies = 1;
			packageReferences = (
				2C7434E42C8FE7990043B3AB /* XCRemoteSwiftPackageReference "swift-composable-architecture" */,
				2CE24AE72C919B7B001ED9FA /* XCRemoteSwiftPackageReference "AsyncNetwork" */,
			);
			productRefGroup = 2C0E3AEE2C88B66600FE9E13 /* Products */;
			projectDirPath = "";
			projectRoot = "";
			targets = (
				2C0E3AEC2C88B66600FE9E13 /* VKAPIApp */,
			);
		};
/* End PBXProject section */

/* Begin PBXResourcesBuildPhase section */
		2C0E3AEB2C88B66600FE9E13 /* Resources */ = {
			isa = PBXResourcesBuildPhase;
			buildActionMask = 2147483647;
			files = (
				2C0E3B052C88B69B00FE9E13 /* Preview Assets.xcassets in Resources */,
				2C0E3AF52C88B66700FE9E13 /* Assets.xcassets in Resources */,
			);
			runOnlyForDeploymentPostprocessing = 0;
		};
/* End PBXResourcesBuildPhase section */

/* Begin PBXSourcesBuildPhase section */
		2C0E3AE92C88B66600FE9E13 /* Sources */ = {
			isa = PBXSourcesBuildPhase;
			buildActionMask = 2147483647;
			files = (
				2CE24AF62C91ACF4001ED9FA /* FriendsListView.swift in Sources */,
				2C0E3B122C88BEA000FE9E13 /* UserStorage.swift in Sources */,
				2CE24AE12C91955F001ED9FA /* User.swift in Sources */,
				2C1104472C956F16007054F6 /* Int.swift in Sources */,
				2C11044B2C957C9A007054F6 /* String.swift in Sources */,
				2C11045B2C95DBBA007054F6 /* Plarform.swift in Sources */,
				2C7434E82C8FEB070043B3AB /* TabBarView.swift in Sources */,
				2CC99E0D2C99729D007FFFD0 /* ProfileAPIClient.swift in Sources */,
				2C0E3B172C88BF8700FE9E13 /* AuthCredentials.swift in Sources */,
				2C1104582C95C8D9007054F6 /* ErrorView.swift in Sources */,
				2C1104492C957922007054F6 /* DateFormatters.swift in Sources */,
				2C11044D2C957D0F007054F6 /* LastSeen.swift in Sources */,
				2C1104432C956EB4007054F6 /* ServerUserCityModel.swift in Sources */,
				2C0E3AF32C88B66600FE9E13 /* ContentView.swift in Sources */,
				2C0E3B1D2C88C0C900FE9E13 /* AuthWebView.swift in Sources */,
				2CE24AE32C919587001ED9FA /* Gender.swift in Sources */,
				2C6E1B212C9DA50900E72551 /* MyProfileView.swift in Sources */,
				2C1104452C956EC1007054F6 /* ServerUserLastSeenModel.swift in Sources */,
				2C11043E2C956709007054F6 /* ResponseModel.swift in Sources */,
				2C368A7E2C9A7FAE0099D52B /* ProfileSectionView.swift in Sources */,
				2C0E3B0D2C88BE4A00FE9E13 /* Consts.swift in Sources */,
				2CE24AEC2C919B95001ED9FA /* NetworkClient.swift in Sources */,
				2CC99E122C998AA2007FFFD0 /* ProfileView.swift in Sources */,
				2CC99E092C996DEF007FFFD0 /* ServerPhotoModel.swift in Sources */,
				2C368A802C9A80290099D52B /* FriendsSectionView.swift in Sources */,
				2C1104552C95C29F007054F6 /* CircleProgressView.swift in Sources */,
				2C7434EF2C8FF31D0043B3AB /* FirstAppearModifier.swift in Sources */,
				2C0E3AF12C88B66600FE9E13 /* VKAPIApp.swift in Sources */,
				2C1104502C957FBB007054F6 /* ProfileImageView.swift in Sources */,
				2C368A842C9A8AD70099D52B /* PhotoSize.swift in Sources */,
				2C45A9CF2C92B35A000FBA4A /* LoadableView.swift in Sources */,
				2C1104522C9587A9007054F6 /* Color.swift in Sources */,
				2C45A9CD2C92B12E000FBA4A /* LoadableViewFeature.swift in Sources */,
				2CE24ADD2C9193AB001ED9FA /* ServerUserModel.swift in Sources */,
				2C11045D2C95DC3C007054F6 /* ErrorEntity.swift in Sources */,
				2CE24AF42C91A4A2001ED9FA /* FriendsListFeature.swift in Sources */,
				2C368A7B2C9A7F5D0099D52B /* View.swift in Sources */,
				2CC99E052C99692E007FFFD0 /* ProfileEndpoint.swift in Sources */,
				2CC99E0B2C996E8A007FFFD0 /* Photo.swift in Sources */,
				2CF7E2CA2C8FE7150027F40E /* TabBarFeature.swift in Sources */,
				2CE24AF12C91A2C7001ED9FA /* FriendsAPIClient.swift in Sources */,
				2C7434EB2C8FF2DE0043B3AB /* Typealiases.swift in Sources */,
				2CE24AD92C918FE2001ED9FA /* ServerResponseModel.swift in Sources */,
				2C0E3B1A2C88BFA800FE9E13 /* AuthURLBuilder.swift in Sources */,
				2CA387522C9C1ABC0016A75B /* PhotosFeature.swift in Sources */,
				2CC99E102C997CC0007FFFD0 /* ProfileFeature.swift in Sources */,
				2CE24AEF2C919ECF001ED9FA /* FriendsEndpoint.swift in Sources */,
				2CE24AE62C919639001ED9FA /* Optional.swift in Sources */,
				2C1104412C9567D5007054F6 /* Localizable.swift in Sources */,
				2CE24AF82C91E04F001ED9FA /* FriendsListItemView.swift in Sources */,
				2C368A822C9A82DE0099D52B /* PhotosSectionView.swift in Sources */,
				2C6E1B232C9DA51E00E72551 /* MyProfileFeature.swift in Sources */,
				2CA387542C9C1DCF0016A75B /* PhotosView.swift in Sources */,
			);
			runOnlyForDeploymentPostprocessing = 0;
		};
/* End PBXSourcesBuildPhase section */

/* Begin XCBuildConfiguration section */
		2C0E3AF92C88B66700FE9E13 /* Debug */ = {
			isa = XCBuildConfiguration;
			buildSettings = {
				ALWAYS_SEARCH_USER_PATHS = NO;
				ASSETCATALOG_COMPILER_GENERATE_SWIFT_ASSET_SYMBOL_EXTENSIONS = YES;
				CLANG_ANALYZER_NONNULL = YES;
				CLANG_ANALYZER_NUMBER_OBJECT_CONVERSION = YES_AGGRESSIVE;
				CLANG_CXX_LANGUAGE_STANDARD = "gnu++20";
				CLANG_ENABLE_MODULES = YES;
				CLANG_ENABLE_OBJC_ARC = YES;
				CLANG_ENABLE_OBJC_WEAK = YES;
				CLANG_WARN_BLOCK_CAPTURE_AUTORELEASING = YES;
				CLANG_WARN_BOOL_CONVERSION = YES;
				CLANG_WARN_COMMA = YES;
				CLANG_WARN_CONSTANT_CONVERSION = YES;
				CLANG_WARN_DEPRECATED_OBJC_IMPLEMENTATIONS = YES;
				CLANG_WARN_DIRECT_OBJC_ISA_USAGE = YES_ERROR;
				CLANG_WARN_DOCUMENTATION_COMMENTS = YES;
				CLANG_WARN_EMPTY_BODY = YES;
				CLANG_WARN_ENUM_CONVERSION = YES;
				CLANG_WARN_INFINITE_RECURSION = YES;
				CLANG_WARN_INT_CONVERSION = YES;
				CLANG_WARN_NON_LITERAL_NULL_CONVERSION = YES;
				CLANG_WARN_OBJC_IMPLICIT_RETAIN_SELF = YES;
				CLANG_WARN_OBJC_LITERAL_CONVERSION = YES;
				CLANG_WARN_OBJC_ROOT_CLASS = YES_ERROR;
				CLANG_WARN_QUOTED_INCLUDE_IN_FRAMEWORK_HEADER = YES;
				CLANG_WARN_RANGE_LOOP_ANALYSIS = YES;
				CLANG_WARN_STRICT_PROTOTYPES = YES;
				CLANG_WARN_SUSPICIOUS_MOVE = YES;
				CLANG_WARN_UNGUARDED_AVAILABILITY = YES_AGGRESSIVE;
				CLANG_WARN_UNREACHABLE_CODE = YES;
				CLANG_WARN__DUPLICATE_METHOD_MATCH = YES;
				COPY_PHASE_STRIP = NO;
				DEBUG_INFORMATION_FORMAT = dwarf;
				ENABLE_STRICT_OBJC_MSGSEND = YES;
				ENABLE_TESTABILITY = YES;
				ENABLE_USER_SCRIPT_SANDBOXING = YES;
				GCC_C_LANGUAGE_STANDARD = gnu17;
				GCC_DYNAMIC_NO_PIC = NO;
				GCC_NO_COMMON_BLOCKS = YES;
				GCC_OPTIMIZATION_LEVEL = 0;
				GCC_PREPROCESSOR_DEFINITIONS = (
					"DEBUG=1",
					"$(inherited)",
				);
				GCC_WARN_64_TO_32_BIT_CONVERSION = YES;
				GCC_WARN_ABOUT_RETURN_TYPE = YES_ERROR;
				GCC_WARN_UNDECLARED_SELECTOR = YES;
				GCC_WARN_UNINITIALIZED_AUTOS = YES_AGGRESSIVE;
				GCC_WARN_UNUSED_FUNCTION = YES;
				GCC_WARN_UNUSED_VARIABLE = YES;
				IPHONEOS_DEPLOYMENT_TARGET = 18.0;
				LOCALIZATION_PREFERS_STRING_CATALOGS = YES;
				MTL_ENABLE_DEBUG_INFO = INCLUDE_SOURCE;
				MTL_FAST_MATH = YES;
				ONLY_ACTIVE_ARCH = YES;
				SDKROOT = iphoneos;
				SWIFT_ACTIVE_COMPILATION_CONDITIONS = "DEBUG $(inherited)";
				SWIFT_OPTIMIZATION_LEVEL = "-Onone";
			};
			name = Debug;
		};
		2C0E3AFA2C88B66700FE9E13 /* Release */ = {
			isa = XCBuildConfiguration;
			buildSettings = {
				ALWAYS_SEARCH_USER_PATHS = NO;
				ASSETCATALOG_COMPILER_GENERATE_SWIFT_ASSET_SYMBOL_EXTENSIONS = YES;
				CLANG_ANALYZER_NONNULL = YES;
				CLANG_ANALYZER_NUMBER_OBJECT_CONVERSION = YES_AGGRESSIVE;
				CLANG_CXX_LANGUAGE_STANDARD = "gnu++20";
				CLANG_ENABLE_MODULES = YES;
				CLANG_ENABLE_OBJC_ARC = YES;
				CLANG_ENABLE_OBJC_WEAK = YES;
				CLANG_WARN_BLOCK_CAPTURE_AUTORELEASING = YES;
				CLANG_WARN_BOOL_CONVERSION = YES;
				CLANG_WARN_COMMA = YES;
				CLANG_WARN_CONSTANT_CONVERSION = YES;
				CLANG_WARN_DEPRECATED_OBJC_IMPLEMENTATIONS = YES;
				CLANG_WARN_DIRECT_OBJC_ISA_USAGE = YES_ERROR;
				CLANG_WARN_DOCUMENTATION_COMMENTS = YES;
				CLANG_WARN_EMPTY_BODY = YES;
				CLANG_WARN_ENUM_CONVERSION = YES;
				CLANG_WARN_INFINITE_RECURSION = YES;
				CLANG_WARN_INT_CONVERSION = YES;
				CLANG_WARN_NON_LITERAL_NULL_CONVERSION = YES;
				CLANG_WARN_OBJC_IMPLICIT_RETAIN_SELF = YES;
				CLANG_WARN_OBJC_LITERAL_CONVERSION = YES;
				CLANG_WARN_OBJC_ROOT_CLASS = YES_ERROR;
				CLANG_WARN_QUOTED_INCLUDE_IN_FRAMEWORK_HEADER = YES;
				CLANG_WARN_RANGE_LOOP_ANALYSIS = YES;
				CLANG_WARN_STRICT_PROTOTYPES = YES;
				CLANG_WARN_SUSPICIOUS_MOVE = YES;
				CLANG_WARN_UNGUARDED_AVAILABILITY = YES_AGGRESSIVE;
				CLANG_WARN_UNREACHABLE_CODE = YES;
				CLANG_WARN__DUPLICATE_METHOD_MATCH = YES;
				COPY_PHASE_STRIP = NO;
				DEBUG_INFORMATION_FORMAT = "dwarf-with-dsym";
				ENABLE_NS_ASSERTIONS = NO;
				ENABLE_STRICT_OBJC_MSGSEND = YES;
				ENABLE_USER_SCRIPT_SANDBOXING = YES;
				GCC_C_LANGUAGE_STANDARD = gnu17;
				GCC_NO_COMMON_BLOCKS = YES;
				GCC_WARN_64_TO_32_BIT_CONVERSION = YES;
				GCC_WARN_ABOUT_RETURN_TYPE = YES_ERROR;
				GCC_WARN_UNDECLARED_SELECTOR = YES;
				GCC_WARN_UNINITIALIZED_AUTOS = YES_AGGRESSIVE;
				GCC_WARN_UNUSED_FUNCTION = YES;
				GCC_WARN_UNUSED_VARIABLE = YES;
				IPHONEOS_DEPLOYMENT_TARGET = 18.0;
				LOCALIZATION_PREFERS_STRING_CATALOGS = YES;
				MTL_ENABLE_DEBUG_INFO = NO;
				MTL_FAST_MATH = YES;
				SDKROOT = iphoneos;
				SWIFT_COMPILATION_MODE = wholemodule;
				VALIDATE_PRODUCT = YES;
			};
			name = Release;
		};
		2C0E3AFC2C88B66700FE9E13 /* Debug */ = {
			isa = XCBuildConfiguration;
			buildSettings = {
				ASSETCATALOG_COMPILER_APPICON_NAME = AppIcon;
				ASSETCATALOG_COMPILER_GLOBAL_ACCENT_COLOR_NAME = AccentColor;
				CODE_SIGN_STYLE = Automatic;
				CURRENT_PROJECT_VERSION = 1;
				DEVELOPMENT_ASSET_PATHS = "\"VKAPIApp/Preview Content\"";
				DEVELOPMENT_TEAM = 3U7F2TKHLN;
				ENABLE_PREVIEWS = YES;
				GENERATE_INFOPLIST_FILE = YES;
				INFOPLIST_KEY_CFBundleDisplayName = "VK Client";
				INFOPLIST_KEY_UIApplicationSceneManifest_Generation = YES;
				INFOPLIST_KEY_UIApplicationSupportsIndirectInputEvents = YES;
				INFOPLIST_KEY_UILaunchScreen_Generation = YES;
				INFOPLIST_KEY_UISupportedInterfaceOrientations = UIInterfaceOrientationPortrait;
				INFOPLIST_KEY_UISupportedInterfaceOrientations_iPad = "UIInterfaceOrientationLandscapeLeft UIInterfaceOrientationLandscapeRight UIInterfaceOrientationPortrait UIInterfaceOrientationPortraitUpsideDown";
				IPHONEOS_DEPLOYMENT_TARGET = 17.0;
				LD_RUNPATH_SEARCH_PATHS = (
					"$(inherited)",
					"@executable_path/Frameworks",
				);
				MARKETING_VERSION = 1.0;
				PRODUCT_BUNDLE_IDENTIFIER = com.martynenko.vadim.VKAPIApp;
				PRODUCT_NAME = "$(TARGET_NAME)";
				SWIFT_EMIT_LOC_STRINGS = YES;
				SWIFT_VERSION = 5.0;
				TARGETED_DEVICE_FAMILY = "1,2";
			};
			name = Debug;
		};
		2C0E3AFD2C88B66700FE9E13 /* Release */ = {
			isa = XCBuildConfiguration;
			buildSettings = {
				ASSETCATALOG_COMPILER_APPICON_NAME = AppIcon;
				ASSETCATALOG_COMPILER_GLOBAL_ACCENT_COLOR_NAME = AccentColor;
				CODE_SIGN_STYLE = Automatic;
				CURRENT_PROJECT_VERSION = 1;
				DEVELOPMENT_ASSET_PATHS = "\"VKAPIApp/Preview Content\"";
				DEVELOPMENT_TEAM = 3U7F2TKHLN;
				ENABLE_PREVIEWS = YES;
				GENERATE_INFOPLIST_FILE = YES;
				INFOPLIST_KEY_CFBundleDisplayName = "VK Client";
				INFOPLIST_KEY_UIApplicationSceneManifest_Generation = YES;
				INFOPLIST_KEY_UIApplicationSupportsIndirectInputEvents = YES;
				INFOPLIST_KEY_UILaunchScreen_Generation = YES;
				INFOPLIST_KEY_UISupportedInterfaceOrientations = UIInterfaceOrientationPortrait;
				INFOPLIST_KEY_UISupportedInterfaceOrientations_iPad = "UIInterfaceOrientationLandscapeLeft UIInterfaceOrientationLandscapeRight UIInterfaceOrientationPortrait UIInterfaceOrientationPortraitUpsideDown";
				IPHONEOS_DEPLOYMENT_TARGET = 17.0;
				LD_RUNPATH_SEARCH_PATHS = (
					"$(inherited)",
					"@executable_path/Frameworks",
				);
				MARKETING_VERSION = 1.0;
				PRODUCT_BUNDLE_IDENTIFIER = com.martynenko.vadim.VKAPIApp;
				PRODUCT_NAME = "$(TARGET_NAME)";
				SWIFT_EMIT_LOC_STRINGS = YES;
				SWIFT_VERSION = 5.0;
				TARGETED_DEVICE_FAMILY = "1,2";
			};
			name = Release;
		};
/* End XCBuildConfiguration section */

/* Begin XCConfigurationList section */
		2C0E3AE82C88B66600FE9E13 /* Build configuration list for PBXProject "VKAPIApp" */ = {
			isa = XCConfigurationList;
			buildConfigurations = (
				2C0E3AF92C88B66700FE9E13 /* Debug */,
				2C0E3AFA2C88B66700FE9E13 /* Release */,
			);
			defaultConfigurationIsVisible = 0;
			defaultConfigurationName = Release;
		};
		2C0E3AFB2C88B66700FE9E13 /* Build configuration list for PBXNativeTarget "VKAPIApp" */ = {
			isa = XCConfigurationList;
			buildConfigurations = (
				2C0E3AFC2C88B66700FE9E13 /* Debug */,
				2C0E3AFD2C88B66700FE9E13 /* Release */,
			);
			defaultConfigurationIsVisible = 0;
			defaultConfigurationName = Release;
		};
/* End XCConfigurationList section */

/* Begin XCRemoteSwiftPackageReference section */
		2C7434E42C8FE7990043B3AB /* XCRemoteSwiftPackageReference "swift-composable-architecture" */ = {
			isa = XCRemoteSwiftPackageReference;
			repositoryURL = "https://github.com/pointfreeco/swift-composable-architecture.git";
			requirement = {
				kind = upToNextMajorVersion;
				minimumVersion = 1.14.0;
			};
		};
		2CE24AE72C919B7B001ED9FA /* XCRemoteSwiftPackageReference "AsyncNetwork" */ = {
			isa = XCRemoteSwiftPackageReference;
			repositoryURL = "https://github.com/DmitriqPanteleev/AsyncNetwork.git";
			requirement = {
				branch = main;
				kind = branch;
			};
		};
/* End XCRemoteSwiftPackageReference section */

/* Begin XCSwiftPackageProductDependency section */
		2C7434E52C8FE7990043B3AB /* ComposableArchitecture */ = {
			isa = XCSwiftPackageProductDependency;
			package = 2C7434E42C8FE7990043B3AB /* XCRemoteSwiftPackageReference "swift-composable-architecture" */;
			productName = ComposableArchitecture;
		};
		2CE24AE82C919B7B001ED9FA /* AsyncNetwork */ = {
			isa = XCSwiftPackageProductDependency;
			package = 2CE24AE72C919B7B001ED9FA /* XCRemoteSwiftPackageReference "AsyncNetwork" */;
			productName = AsyncNetwork;
		};
/* End XCSwiftPackageProductDependency section */
	};
	rootObject = 2C0E3AE52C88B66600FE9E13 /* Project object */;
}
