// !$*UTF8*$!
{
	archiveVersion = 1;
	classes = {
	};
	objectVersion = 77;
	objects = {

/* Begin PBXBuildFile section */
		2C0E3AF12C88B66600FE9E13 /* VKAPIApp.swift in Sources */ = {isa = PBXBuildFile; fileRef = 2C0E3AF02C88B66600FE9E13 /* VKAPIApp.swift */; };
		2C0E3AF32C88B66600FE9E13 /* ContentView.swift in Sources */ = {isa = PBXBuildFile; fileRef = 2C0E3AF22C88B66600FE9E13 /* ContentView.swift */; };
		2C0E3AF52C88B66700FE9E13 /* Assets.xcassets in Resources */ = {isa = PBXBuildFile; fileRef = 2C0E3AF42C88B66700FE9E13 /* Assets.xcassets */; };
		2C0E3B052C88B69B00FE9E13 /* Preview Assets.xcassets in Resources */ = {isa = PBXBuildFile; fileRef = 2C0E3B032C88B69B00FE9E13 /* Preview Assets.xcassets */; };
		2C0E3B0D2C88BE4A00FE9E13 /* Consts.swift in Sources */ = {isa = PBXBuildFile; fileRef = 2C0E3B0C2C88BE4A00FE9E13 /* Consts.swift */; };
		2C0E3B122C88BEA000FE9E13 /* UserStorage.swift in Sources */ = {isa = PBXBuildFile; fileRef = 2C0E3B112C88BEA000FE9E13 /* UserStorage.swift */; };
		2C0E3B172C88BF8700FE9E13 /* AuthCredentials.swift in Sources */ = {isa = PBXBuildFile; fileRef = 2C0E3B162C88BF8700FE9E13 /* AuthCredentials.swift */; };
		2C0E3B1A2C88BFA800FE9E13 /* AuthURLBuilder.swift in Sources */ = {isa = PBXBuildFile; fileRef = 2C0E3B192C88BFA800FE9E13 /* AuthURLBuilder.swift */; };
		2C0E3B1D2C88C0C900FE9E13 /* AuthWebView.swift in Sources */ = {isa = PBXBuildFile; fileRef = 2C0E3B1C2C88C0C900FE9E13 /* AuthWebView.swift */; };
		2C7434E62C8FE7990043B3AB /* ComposableArchitecture in Frameworks */ = {isa = PBXBuildFile; productRef = 2C7434E52C8FE7990043B3AB /* ComposableArchitecture */; };
		2C7434E82C8FEB070043B3AB /* TabBarView.swift in Sources */ = {isa = PBXBuildFile; fileRef = 2C7434E72C8FEB070043B3AB /* TabBarView.swift */; };
		2C7434EB2C8FF2DE0043B3AB /* Typealiases.swift in Sources */ = {isa = PBXBuildFile; fileRef = 2C7434EA2C8FF2DE0043B3AB /* Typealiases.swift */; };
		2C7434EF2C8FF31D0043B3AB /* FirstAppearModifier.swift in Sources */ = {isa = PBXBuildFile; fileRef = 2C7434EE2C8FF31D0043B3AB /* FirstAppearModifier.swift */; };
		2CF7E2CA2C8FE7150027F40E /* TabBarFeature.swift in Sources */ = {isa = PBXBuildFile; fileRef = 2CF7E2C92C8FE7150027F40E /* TabBarFeature.swift */; };
/* End PBXBuildFile section */

/* Begin PBXFileReference section */
		2C0E3AED2C88B66600FE9E13 /* VKAPIApp.app */ = {isa = PBXFileReference; explicitFileType = wrapper.application; includeInIndex = 0; path = VKAPIApp.app; sourceTree = BUILT_PRODUCTS_DIR; };
		2C0E3AF02C88B66600FE9E13 /* VKAPIApp.swift */ = {isa = PBXFileReference; lastKnownFileType = sourcecode.swift; path = VKAPIApp.swift; sourceTree = "<group>"; };
		2C0E3AF22C88B66600FE9E13 /* ContentView.swift */ = {isa = PBXFileReference; lastKnownFileType = sourcecode.swift; path = ContentView.swift; sourceTree = "<group>"; };
		2C0E3AF42C88B66700FE9E13 /* Assets.xcassets */ = {isa = PBXFileReference; lastKnownFileType = folder.assetcatalog; path = Assets.xcassets; sourceTree = "<group>"; };
		2C0E3B032C88B69B00FE9E13 /* Preview Assets.xcassets */ = {isa = PBXFileReference; lastKnownFileType = folder.assetcatalog; path = "Preview Assets.xcassets"; sourceTree = "<group>"; };
		2C0E3B0C2C88BE4A00FE9E13 /* Consts.swift */ = {isa = PBXFileReference; lastKnownFileType = sourcecode.swift; path = Consts.swift; sourceTree = "<group>"; };
		2C0E3B112C88BEA000FE9E13 /* UserStorage.swift */ = {isa = PBXFileReference; lastKnownFileType = sourcecode.swift; path = UserStorage.swift; sourceTree = "<group>"; };
		2C0E3B162C88BF8700FE9E13 /* AuthCredentials.swift */ = {isa = PBXFileReference; lastKnownFileType = sourcecode.swift; path = AuthCredentials.swift; sourceTree = "<group>"; };
		2C0E3B192C88BFA800FE9E13 /* AuthURLBuilder.swift */ = {isa = PBXFileReference; lastKnownFileType = sourcecode.swift; path = AuthURLBuilder.swift; sourceTree = "<group>"; };
		2C0E3B1C2C88C0C900FE9E13 /* AuthWebView.swift */ = {isa = PBXFileReference; lastKnownFileType = sourcecode.swift; path = AuthWebView.swift; sourceTree = "<group>"; };
		2C7434E72C8FEB070043B3AB /* TabBarView.swift */ = {isa = PBXFileReference; lastKnownFileType = sourcecode.swift; path = TabBarView.swift; sourceTree = "<group>"; };
		2C7434EA2C8FF2DE0043B3AB /* Typealiases.swift */ = {isa = PBXFileReference; lastKnownFileType = sourcecode.swift; path = Typealiases.swift; sourceTree = "<group>"; };
		2C7434EE2C8FF31D0043B3AB /* FirstAppearModifier.swift */ = {isa = PBXFileReference; lastKnownFileType = sourcecode.swift; path = FirstAppearModifier.swift; sourceTree = "<group>"; };
		2CF7E2C92C8FE7150027F40E /* TabBarFeature.swift */ = {isa = PBXFileReference; lastKnownFileType = sourcecode.swift; path = TabBarFeature.swift; sourceTree = "<group>"; };
/* End PBXFileReference section */

/* Begin PBXFrameworksBuildPhase section */
		2C0E3AEA2C88B66600FE9E13 /* Frameworks */ = {
			isa = PBXFrameworksBuildPhase;
			buildActionMask = 2147483647;
			files = (
				2C7434E62C8FE7990043B3AB /* ComposableArchitecture in Frameworks */,
			);
			runOnlyForDeploymentPostprocessing = 0;
		};
/* End PBXFrameworksBuildPhase section */

/* Begin PBXGroup section */
		2C0E3AE42C88B66600FE9E13 = {
			isa = PBXGroup;
			children = (
				2C0E3AFE2C88B67E00FE9E13 /* VKAPIApp */,
				2CF7E2CB2C8FE73A0027F40E /* Frameworks */,
				2C0E3AEE2C88B66600FE9E13 /* Products */,
			);
			sourceTree = "<group>";
		};
		2C0E3AEE2C88B66600FE9E13 /* Products */ = {
			isa = PBXGroup;
			children = (
				2C0E3AED2C88B66600FE9E13 /* VKAPIApp.app */,
			);
			name = Products;
			sourceTree = "<group>";
		};
		2C0E3AFE2C88B67E00FE9E13 /* VKAPIApp */ = {
			isa = PBXGroup;
			children = (
				2C0E3B072C88B6AE00FE9E13 /* App */,
				2C0E3B062C88B6A600FE9E13 /* Resources */,
				2C0E3B0E2C88BE8800FE9E13 /* Services */,
				2C0E3B092C88BE3500FE9E13 /* Helpers */,
				2C0E3B132C88BF4C00FE9E13 /* Features */,
				2C0E3AF22C88B66600FE9E13 /* ContentView.swift */,
				2C0E3B022C88B69600FE9E13 /* Preview Content */,
			);
			path = VKAPIApp;
			sourceTree = "<group>";
		};
		2C0E3B022C88B69600FE9E13 /* Preview Content */ = {
			isa = PBXGroup;
			children = (
				2C0E3B032C88B69B00FE9E13 /* Preview Assets.xcassets */,
			);
			path = "Preview Content";
			sourceTree = "<group>";
		};
		2C0E3B062C88B6A600FE9E13 /* Resources */ = {
			isa = PBXGroup;
			children = (
				2C0E3AF42C88B66700FE9E13 /* Assets.xcassets */,
			);
			path = Resources;
			sourceTree = "<group>";
		};
		2C0E3B072C88B6AE00FE9E13 /* App */ = {
			isa = PBXGroup;
			children = (
				2C0E3AF02C88B66600FE9E13 /* VKAPIApp.swift */,
			);
			path = App;
			sourceTree = "<group>";
		};
		2C0E3B092C88BE3500FE9E13 /* Helpers */ = {
			isa = PBXGroup;
			children = (
				2C7434E92C8FF2CA0043B3AB /* ViewModifiers */,
				2C0E3B0C2C88BE4A00FE9E13 /* Consts.swift */,
				2C7434EA2C8FF2DE0043B3AB /* Typealiases.swift */,
			);
			path = Helpers;
			sourceTree = "<group>";
		};
		2C0E3B0E2C88BE8800FE9E13 /* Services */ = {
			isa = PBXGroup;
			children = (
				2C0E3B102C88BE9700FE9E13 /* Storages */,
			);
			path = Services;
			sourceTree = "<group>";
		};
		2C0E3B102C88BE9700FE9E13 /* Storages */ = {
			isa = PBXGroup;
			children = (
				2C0E3B112C88BEA000FE9E13 /* UserStorage.swift */,
			);
			path = Storages;
			sourceTree = "<group>";
		};
		2C0E3B132C88BF4C00FE9E13 /* Features */ = {
			isa = PBXGroup;
			children = (
				2CF7E2C72C8FE6E30027F40E /* PrivateZone */,
				2C0E3B142C88BF6000FE9E13 /* PublicZone */,
			);
			path = Features;
			sourceTree = "<group>";
		};
		2C0E3B142C88BF6000FE9E13 /* PublicZone */ = {
			isa = PBXGroup;
			children = (
				2C0E3B152C88BF6800FE9E13 /* Data */,
				2C0E3B182C88BF9500FE9E13 /* Support */,
				2C0E3B1B2C88C0B900FE9E13 /* Auth */,
			);
			path = PublicZone;
			sourceTree = "<group>";
		};
		2C0E3B152C88BF6800FE9E13 /* Data */ = {
			isa = PBXGroup;
			children = (
				2C0E3B162C88BF8700FE9E13 /* AuthCredentials.swift */,
			);
			path = Data;
			sourceTree = "<group>";
		};
		2C0E3B182C88BF9500FE9E13 /* Support */ = {
			isa = PBXGroup;
			children = (
				2C0E3B192C88BFA800FE9E13 /* AuthURLBuilder.swift */,
			);
			path = Support;
			sourceTree = "<group>";
		};
		2C0E3B1B2C88C0B900FE9E13 /* Auth */ = {
			isa = PBXGroup;
			children = (
				2C0E3B1C2C88C0C900FE9E13 /* AuthWebView.swift */,
			);
			path = Auth;
			sourceTree = "<group>";
		};
		2C7434E92C8FF2CA0043B3AB /* ViewModifiers */ = {
			isa = PBXGroup;
			children = (
				2C7434EE2C8FF31D0043B3AB /* FirstAppearModifier.swift */,
			);
			path = ViewModifiers;
			sourceTree = "<group>";
		};
		2CF7E2C72C8FE6E30027F40E /* PrivateZone */ = {
			isa = PBXGroup;
			children = (
				2CF7E2C82C8FE6F80027F40E /* TabBar */,
			);
			path = PrivateZone;
			sourceTree = "<group>";
		};
		2CF7E2C82C8FE6F80027F40E /* TabBar */ = {
			isa = PBXGroup;
			children = (
				2CF7E2C92C8FE7150027F40E /* TabBarFeature.swift */,
				2C7434E72C8FEB070043B3AB /* TabBarView.swift */,
			);
			path = TabBar;
			sourceTree = "<group>";
		};
		2CF7E2CB2C8FE73A0027F40E /* Frameworks */ = {
			isa = PBXGroup;
			children = (
			);
			name = Frameworks;
			sourceTree = "<group>";
		};
/* End PBXGroup section */

/* Begin PBXNativeTarget section */
		2C0E3AEC2C88B66600FE9E13 /* VKAPIApp */ = {
			isa = PBXNativeTarget;
			buildConfigurationList = 2C0E3AFB2C88B66700FE9E13 /* Build configuration list for PBXNativeTarget "VKAPIApp" */;
			buildPhases = (
				2C0E3AE92C88B66600FE9E13 /* Sources */,
				2C0E3AEA2C88B66600FE9E13 /* Frameworks */,
				2C0E3AEB2C88B66600FE9E13 /* Resources */,
			);
			buildRules = (
			);
			dependencies = (
			);
			name = VKAPIApp;
			packageProductDependencies = (
				2C7434E52C8FE7990043B3AB /* ComposableArchitecture */,
			);
			productName = VKAPIApp;
			productReference = 2C0E3AED2C88B66600FE9E13 /* VKAPIApp.app */;
			productType = "com.apple.product-type.application";
		};
/* End PBXNativeTarget section */

/* Begin PBXProject section */
		2C0E3AE52C88B66600FE9E13 /* Project object */ = {
			isa = PBXProject;
			attributes = {
				BuildIndependentTargetsInParallel = 1;
				LastSwiftUpdateCheck = 1600;
				LastUpgradeCheck = 1600;
				TargetAttributes = {
					2C0E3AEC2C88B66600FE9E13 = {
						CreatedOnToolsVersion = 16.0;
					};
				};
			};
			buildConfigurationList = 2C0E3AE82C88B66600FE9E13 /* Build configuration list for PBXProject "VKAPIApp" */;
			developmentRegion = en;
			hasScannedForEncodings = 0;
			knownRegions = (
				en,
				Base,
			);
			mainGroup = 2C0E3AE42C88B66600FE9E13;
			minimizedProjectReferenceProxies = 1;
			packageReferences = (
				2C7434E42C8FE7990043B3AB /* XCRemoteSwiftPackageReference "swift-composable-architecture" */,
			);
			preferredProjectObjectVersion = 77;
			productRefGroup = 2C0E3AEE2C88B66600FE9E13 /* Products */;
			projectDirPath = "";
			projectRoot = "";
			targets = (
				2C0E3AEC2C88B66600FE9E13 /* VKAPIApp */,
			);
		};
/* End PBXProject section */

/* Begin PBXResourcesBuildPhase section */
		2C0E3AEB2C88B66600FE9E13 /* Resources */ = {
			isa = PBXResourcesBuildPhase;
			buildActionMask = 2147483647;
			files = (
				2C0E3B052C88B69B00FE9E13 /* Preview Assets.xcassets in Resources */,
				2C0E3AF52C88B66700FE9E13 /* Assets.xcassets in Resources */,
			);
			runOnlyForDeploymentPostprocessing = 0;
		};
/* End PBXResourcesBuildPhase section */

/* Begin PBXSourcesBuildPhase section */
		2C0E3AE92C88B66600FE9E13 /* Sources */ = {
			isa = PBXSourcesBuildPhase;
			buildActionMask = 2147483647;
			files = (
				2C0E3B122C88BEA000FE9E13 /* UserStorage.swift in Sources */,
				2C7434E82C8FEB070043B3AB /* TabBarView.swift in Sources */,
				2C0E3B172C88BF8700FE9E13 /* AuthCredentials.swift in Sources */,
				2C0E3AF32C88B66600FE9E13 /* ContentView.swift in Sources */,
				2C0E3B1D2C88C0C900FE9E13 /* AuthWebView.swift in Sources */,
				2C0E3B0D2C88BE4A00FE9E13 /* Consts.swift in Sources */,
				2C7434EF2C8FF31D0043B3AB /* FirstAppearModifier.swift in Sources */,
				2C0E3AF12C88B66600FE9E13 /* VKAPIApp.swift in Sources */,
				2CF7E2CA2C8FE7150027F40E /* TabBarFeature.swift in Sources */,
				2C7434EB2C8FF2DE0043B3AB /* Typealiases.swift in Sources */,
				2C0E3B1A2C88BFA800FE9E13 /* AuthURLBuilder.swift in Sources */,
			);
			runOnlyForDeploymentPostprocessing = 0;
		};
/* End PBXSourcesBuildPhase section */

/* Begin XCBuildConfiguration section */
		2C0E3AF92C88B66700FE9E13 /* Debug */ = {
			isa = XCBuildConfiguration;
			buildSettings = {
				ALWAYS_SEARCH_USER_PATHS = NO;
				ASSETCATALOG_COMPILER_GENERATE_SWIFT_ASSET_SYMBOL_EXTENSIONS = YES;
				CLANG_ANALYZER_NONNULL = YES;
				CLANG_ANALYZER_NUMBER_OBJECT_CONVERSION = YES_AGGRESSIVE;
				CLANG_CXX_LANGUAGE_STANDARD = "gnu++20";
				CLANG_ENABLE_MODULES = YES;
				CLANG_ENABLE_OBJC_ARC = YES;
				CLANG_ENABLE_OBJC_WEAK = YES;
				CLANG_WARN_BLOCK_CAPTURE_AUTORELEASING = YES;
				CLANG_WARN_BOOL_CONVERSION = YES;
				CLANG_WARN_COMMA = YES;
				CLANG_WARN_CONSTANT_CONVERSION = YES;
				CLANG_WARN_DEPRECATED_OBJC_IMPLEMENTATIONS = YES;
				CLANG_WARN_DIRECT_OBJC_ISA_USAGE = YES_ERROR;
				CLANG_WARN_DOCUMENTATION_COMMENTS = YES;
				CLANG_WARN_EMPTY_BODY = YES;
				CLANG_WARN_ENUM_CONVERSION = YES;
				CLANG_WARN_INFINITE_RECURSION = YES;
				CLANG_WARN_INT_CONVERSION = YES;
				CLANG_WARN_NON_LITERAL_NULL_CONVERSION = YES;
				CLANG_WARN_OBJC_IMPLICIT_RETAIN_SELF = YES;
				CLANG_WARN_OBJC_LITERAL_CONVERSION = YES;
				CLANG_WARN_OBJC_ROOT_CLASS = YES_ERROR;
				CLANG_WARN_QUOTED_INCLUDE_IN_FRAMEWORK_HEADER = YES;
				CLANG_WARN_RANGE_LOOP_ANALYSIS = YES;
				CLANG_WARN_STRICT_PROTOTYPES = YES;
				CLANG_WARN_SUSPICIOUS_MOVE = YES;
				CLANG_WARN_UNGUARDED_AVAILABILITY = YES_AGGRESSIVE;
				CLANG_WARN_UNREACHABLE_CODE = YES;
				CLANG_WARN__DUPLICATE_METHOD_MATCH = YES;
				COPY_PHASE_STRIP = NO;
				DEBUG_INFORMATION_FORMAT = dwarf;
				ENABLE_STRICT_OBJC_MSGSEND = YES;
				ENABLE_TESTABILITY = YES;
				ENABLE_USER_SCRIPT_SANDBOXING = YES;
				GCC_C_LANGUAGE_STANDARD = gnu17;
				GCC_DYNAMIC_NO_PIC = NO;
				GCC_NO_COMMON_BLOCKS = YES;
				GCC_OPTIMIZATION_LEVEL = 0;
				GCC_PREPROCESSOR_DEFINITIONS = (
					"DEBUG=1",
					"$(inherited)",
				);
				GCC_WARN_64_TO_32_BIT_CONVERSION = YES;
				GCC_WARN_ABOUT_RETURN_TYPE = YES_ERROR;
				GCC_WARN_UNDECLARED_SELECTOR = YES;
				GCC_WARN_UNINITIALIZED_AUTOS = YES_AGGRESSIVE;
				GCC_WARN_UNUSED_FUNCTION = YES;
				GCC_WARN_UNUSED_VARIABLE = YES;
				IPHONEOS_DEPLOYMENT_TARGET = 18.0;
				LOCALIZATION_PREFERS_STRING_CATALOGS = YES;
				MTL_ENABLE_DEBUG_INFO = INCLUDE_SOURCE;
				MTL_FAST_MATH = YES;
				ONLY_ACTIVE_ARCH = YES;
				SDKROOT = iphoneos;
				SWIFT_ACTIVE_COMPILATION_CONDITIONS = "DEBUG $(inherited)";
				SWIFT_OPTIMIZATION_LEVEL = "-Onone";
			};
			name = Debug;
		};
		2C0E3AFA2C88B66700FE9E13 /* Release */ = {
			isa = XCBuildConfiguration;
			buildSettings = {
				ALWAYS_SEARCH_USER_PATHS = NO;
				ASSETCATALOG_COMPILER_GENERATE_SWIFT_ASSET_SYMBOL_EXTENSIONS = YES;
				CLANG_ANALYZER_NONNULL = YES;
				CLANG_ANALYZER_NUMBER_OBJECT_CONVERSION = YES_AGGRESSIVE;
				CLANG_CXX_LANGUAGE_STANDARD = "gnu++20";
				CLANG_ENABLE_MODULES = YES;
				CLANG_ENABLE_OBJC_ARC = YES;
				CLANG_ENABLE_OBJC_WEAK = YES;
				CLANG_WARN_BLOCK_CAPTURE_AUTORELEASING = YES;
				CLANG_WARN_BOOL_CONVERSION = YES;
				CLANG_WARN_COMMA = YES;
				CLANG_WARN_CONSTANT_CONVERSION = YES;
				CLANG_WARN_DEPRECATED_OBJC_IMPLEMENTATIONS = YES;
				CLANG_WARN_DIRECT_OBJC_ISA_USAGE = YES_ERROR;
				CLANG_WARN_DOCUMENTATION_COMMENTS = YES;
				CLANG_WARN_EMPTY_BODY = YES;
				CLANG_WARN_ENUM_CONVERSION = YES;
				CLANG_WARN_INFINITE_RECURSION = YES;
				CLANG_WARN_INT_CONVERSION = YES;
				CLANG_WARN_NON_LITERAL_NULL_CONVERSION = YES;
				CLANG_WARN_OBJC_IMPLICIT_RETAIN_SELF = YES;
				CLANG_WARN_OBJC_LITERAL_CONVERSION = YES;
				CLANG_WARN_OBJC_ROOT_CLASS = YES_ERROR;
				CLANG_WARN_QUOTED_INCLUDE_IN_FRAMEWORK_HEADER = YES;
				CLANG_WARN_RANGE_LOOP_ANALYSIS = YES;
				CLANG_WARN_STRICT_PROTOTYPES = YES;
				CLANG_WARN_SUSPICIOUS_MOVE = YES;
				CLANG_WARN_UNGUARDED_AVAILABILITY = YES_AGGRESSIVE;
				CLANG_WARN_UNREACHABLE_CODE = YES;
				CLANG_WARN__DUPLICATE_METHOD_MATCH = YES;
				COPY_PHASE_STRIP = NO;
				DEBUG_INFORMATION_FORMAT = "dwarf-with-dsym";
				ENABLE_NS_ASSERTIONS = NO;
				ENABLE_STRICT_OBJC_MSGSEND = YES;
				ENABLE_USER_SCRIPT_SANDBOXING = YES;
				GCC_C_LANGUAGE_STANDARD = gnu17;
				GCC_NO_COMMON_BLOCKS = YES;
				GCC_WARN_64_TO_32_BIT_CONVERSION = YES;
				GCC_WARN_ABOUT_RETURN_TYPE = YES_ERROR;
				GCC_WARN_UNDECLARED_SELECTOR = YES;
				GCC_WARN_UNINITIALIZED_AUTOS = YES_AGGRESSIVE;
				GCC_WARN_UNUSED_FUNCTION = YES;
				GCC_WARN_UNUSED_VARIABLE = YES;
				IPHONEOS_DEPLOYMENT_TARGET = 18.0;
				LOCALIZATION_PREFERS_STRING_CATALOGS = YES;
				MTL_ENABLE_DEBUG_INFO = NO;
				MTL_FAST_MATH = YES;
				SDKROOT = iphoneos;
				SWIFT_COMPILATION_MODE = wholemodule;
				VALIDATE_PRODUCT = YES;
			};
			name = Release;
		};
		2C0E3AFC2C88B66700FE9E13 /* Debug */ = {
			isa = XCBuildConfiguration;
			buildSettings = {
				ASSETCATALOG_COMPILER_APPICON_NAME = AppIcon;
				ASSETCATALOG_COMPILER_GLOBAL_ACCENT_COLOR_NAME = AccentColor;
				CODE_SIGN_STYLE = Automatic;
				CURRENT_PROJECT_VERSION = 1;
				DEVELOPMENT_ASSET_PATHS = "\"VKAPIApp/Preview Content\"";
				DEVELOPMENT_TEAM = 3U7F2TKHLN;
				ENABLE_PREVIEWS = YES;
				GENERATE_INFOPLIST_FILE = YES;
				INFOPLIST_KEY_CFBundleDisplayName = "VK Client";
				INFOPLIST_KEY_UIApplicationSceneManifest_Generation = YES;
				INFOPLIST_KEY_UIApplicationSupportsIndirectInputEvents = YES;
				INFOPLIST_KEY_UILaunchScreen_Generation = YES;
				INFOPLIST_KEY_UISupportedInterfaceOrientations = UIInterfaceOrientationPortrait;
				INFOPLIST_KEY_UISupportedInterfaceOrientations_iPad = "UIInterfaceOrientationLandscapeLeft UIInterfaceOrientationLandscapeRight UIInterfaceOrientationPortrait UIInterfaceOrientationPortraitUpsideDown";
				IPHONEOS_DEPLOYMENT_TARGET = 17.0;
				LD_RUNPATH_SEARCH_PATHS = (
					"$(inherited)",
					"@executable_path/Frameworks",
				);
				MARKETING_VERSION = 1.0;
				PRODUCT_BUNDLE_IDENTIFIER = com.martynenko.vadim.VKAPIApp;
				PRODUCT_NAME = "$(TARGET_NAME)";
				SWIFT_EMIT_LOC_STRINGS = YES;
				SWIFT_VERSION = 5.0;
				TARGETED_DEVICE_FAMILY = "1,2";
			};
			name = Debug;
		};
		2C0E3AFD2C88B66700FE9E13 /* Release */ = {
			isa = XCBuildConfiguration;
			buildSettings = {
				ASSETCATALOG_COMPILER_APPICON_NAME = AppIcon;
				ASSETCATALOG_COMPILER_GLOBAL_ACCENT_COLOR_NAME = AccentColor;
				CODE_SIGN_STYLE = Automatic;
				CURRENT_PROJECT_VERSION = 1;
				DEVELOPMENT_ASSET_PATHS = "\"VKAPIApp/Preview Content\"";
				DEVELOPMENT_TEAM = 3U7F2TKHLN;
				ENABLE_PREVIEWS = YES;
				GENERATE_INFOPLIST_FILE = YES;
				INFOPLIST_KEY_CFBundleDisplayName = "VK Client";
				INFOPLIST_KEY_UIApplicationSceneManifest_Generation = YES;
				INFOPLIST_KEY_UIApplicationSupportsIndirectInputEvents = YES;
				INFOPLIST_KEY_UILaunchScreen_Generation = YES;
				INFOPLIST_KEY_UISupportedInterfaceOrientations = UIInterfaceOrientationPortrait;
				INFOPLIST_KEY_UISupportedInterfaceOrientations_iPad = "UIInterfaceOrientationLandscapeLeft UIInterfaceOrientationLandscapeRight UIInterfaceOrientationPortrait UIInterfaceOrientationPortraitUpsideDown";
				IPHONEOS_DEPLOYMENT_TARGET = 17.0;
				LD_RUNPATH_SEARCH_PATHS = (
					"$(inherited)",
					"@executable_path/Frameworks",
				);
				MARKETING_VERSION = 1.0;
				PRODUCT_BUNDLE_IDENTIFIER = com.martynenko.vadim.VKAPIApp;
				PRODUCT_NAME = "$(TARGET_NAME)";
				SWIFT_EMIT_LOC_STRINGS = YES;
				SWIFT_VERSION = 5.0;
				TARGETED_DEVICE_FAMILY = "1,2";
			};
			name = Release;
		};
/* End XCBuildConfiguration section */

/* Begin XCConfigurationList section */
		2C0E3AE82C88B66600FE9E13 /* Build configuration list for PBXProject "VKAPIApp" */ = {
			isa = XCConfigurationList;
			buildConfigurations = (
				2C0E3AF92C88B66700FE9E13 /* Debug */,
				2C0E3AFA2C88B66700FE9E13 /* Release */,
			);
			defaultConfigurationIsVisible = 0;
			defaultConfigurationName = Release;
		};
		2C0E3AFB2C88B66700FE9E13 /* Build configuration list for PBXNativeTarget "VKAPIApp" */ = {
			isa = XCConfigurationList;
			buildConfigurations = (
				2C0E3AFC2C88B66700FE9E13 /* Debug */,
				2C0E3AFD2C88B66700FE9E13 /* Release */,
			);
			defaultConfigurationIsVisible = 0;
			defaultConfigurationName = Release;
		};
/* End XCConfigurationList section */

/* Begin XCRemoteSwiftPackageReference section */
		2C7434E42C8FE7990043B3AB /* XCRemoteSwiftPackageReference "swift-composable-architecture" */ = {
			isa = XCRemoteSwiftPackageReference;
			repositoryURL = "https://github.com/pointfreeco/swift-composable-architecture.git";
			requirement = {
				kind = upToNextMajorVersion;
				minimumVersion = 1.14.0;
			};
		};
/* End XCRemoteSwiftPackageReference section */

/* Begin XCSwiftPackageProductDependency section */
		2C7434E52C8FE7990043B3AB /* ComposableArchitecture */ = {
			isa = XCSwiftPackageProductDependency;
			package = 2C7434E42C8FE7990043B3AB /* XCRemoteSwiftPackageReference "swift-composable-architecture" */;
			productName = ComposableArchitecture;
		};
/* End XCSwiftPackageProductDependency section */
	};
	rootObject = 2C0E3AE52C88B66600FE9E13 /* Project object */;
}
